
Microsoft Visual Studio Solution File, Format Version 12.00
# Visual Studio Version 17
VisualStudioVersion = 17.8.34511.84
MinimumVisualStudioVersion = 10.0.40219.1
Project("{FAE04EC0-301F-11D3-BF4B-00C04F79EFBC}") = "SignalIRApi", "SignalIRApi\SignalIRApi.csproj", "{2FA4D1EF-0528-4EF7-81BF-CD59BAF1B31B}"
EndProject
Project("{FAE04EC0-301F-11D3-BF4B-00C04F79EFBC}") = "SignalIRWebUI", "SignalIRWebUI\SignalIRWebUI.csproj", "{1192D0D0-3CD0-485E-A6F4-D81E7FCA49B1}"
EndProject
Project("{FAE04EC0-301F-11D3-BF4B-00C04F79EFBC}") = "SignalIR.EntityLayer", "SignalIR.EntityLayer\SignalIR.EntityLayer.csproj", "{FE94D428-7DEB-4E3B-A452-AFDF8B0BB8AE}"
EndProject
Global
	GlobalSection(SolutionConfigurationPlatforms) = preSolution
		Debug|Any CPU = Debug|Any CPU
		Release|Any CPU = Release|Any CPU
	EndGlobalSection
	GlobalSection(ProjectConfigurationPlatforms) = postSolution
		{2FA4D1EF-0528-4EF7-81BF-CD59BAF1B31B}.Debug|Any CPU.ActiveCfg = Debug|Any CPU
		{2FA4D1EF-0528-4EF7-81BF-CD59BAF1B31B}.Debug|Any CPU.Build.0 = Debug|Any CPU
		{2FA4D1EF-0528-4EF7-81BF-CD59BAF1B31B}.Release|Any CPU.ActiveCfg = Release|Any CPU
		{2FA4D1EF-0528-4EF7-81BF-CD59BAF1B31B}.Release|Any CPU.Build.0 = Release|Any CPU
		{1192D0D0-3CD0-485E-A6F4-D81E7FCA49B1}.Debug|Any CPU.ActiveCfg = Debug|Any CPU
		{1192D0D0-3CD0-485E-A6F4-D81E7FCA49B1}.Debug|Any CPU.Build.0 = Debug|Any CPU
		{1192D0D0-3CD0-485E-A6F4-D81E7FCA49B1}.Release|Any CPU.ActiveCfg = Release|Any CPU
		{1192D0D0-3CD0-485E-A6F4-D81E7FCA49B1}.Release|Any CPU.Build.0 = Release|Any CPU
		{FE94D428-7DEB-4E3B-A452-AFDF8B0BB8AE}.Debug|Any CPU.ActiveCfg = Debug|Any CPU
		{FE94D428-7DEB-4E3B-A452-AFDF8B0BB8AE}.Debug|Any CPU.Build.0 = Debug|Any CPU
		{FE94D428-7DEB-4E3B-A452-AFDF8B0BB8AE}.Release|Any CPU.ActiveCfg = Release|Any CPU
		{FE94D428-7DEB-4E3B-A452-AFDF8B0BB8AE}.Release|Any CPU.Build.0 = Release|Any CPU
	EndGlobalSection
	GlobalSection(SolutionProperties) = preSolution
		HideSolutionNode = FALSE
	EndGlobalSection
	GlobalSection(ExtensibilityGlobals) = postSolution
		SolutionGuid = {05B60F75-EED4-468F-96FF-02C937D7AF50}
	EndGlobalSection
EndGlobal
